
Microsoft Visual Studio Solution File, Format Version 12.00
# Visual Studio Version 16
VisualStudioVersion = 16.0.31005.135
MinimumVisualStudioVersion = 10.0.40219.1
Project("{FAE04EC0-301F-11D3-BF4B-00C04F79EFBC}") = "AccesoFicheros", "AccesoFicheros.csproj", "{70E191C0-B207-4C6F-A487-6C9684BAB88E}"
EndProject
Global
	GlobalSection(SolutionConfigurationPlatforms) = preSolution
		Debug|Any CPU = Debug|Any CPU
		Release|Any CPU = Release|Any CPU
	EndGlobalSection
	GlobalSection(ProjectConfigurationPlatforms) = postSolution
		{70E191C0-B207-4C6F-A487-6C9684BAB88E}.Debug|Any CPU.ActiveCfg = Debug|Any CPU
		{70E191C0-B207-4C6F-A487-6C9684BAB88E}.Debug|Any CPU.Build.0 = Debug|Any CPU
		{70E191C0-B207-4C6F-A487-6C9684BAB88E}.Release|Any CPU.ActiveCfg = Release|Any CPU
		{70E191C0-B207-4C6F-A487-6C9684BAB88E}.Release|Any CPU.Build.0 = Release|Any CPU
	EndGlobalSection
	GlobalSection(SolutionProperties) = preSolution
		HideSolutionNode = FALSE
	EndGlobalSection
	GlobalSection(ExtensibilityGlobals) = postSolution
		SolutionGuid = {BF1DC5BD-4ACB-4DB6-8BD9-F5AFA9575B47}
	EndGlobalSection
EndGlobal
